
Microsoft Visual Studio Solution File, Format Version 12.00
# Visual Studio 15
VisualStudioVersion = 15.0.27130.2027
MinimumVisualStudioVersion = 10.0.40219.1
Project("{FAE04EC0-301F-11D3-BF4B-00C04F79EFBC}") = "XamarinTest2.Android", "XamarinTest2\XamarinTest2.Android\XamarinTest2.Android.csproj", "{D1ACDE79-1A68-41F3-AF2F-E4784B65E6CC}"
EndProject
Project("{FAE04EC0-301F-11D3-BF4B-00C04F79EFBC}") = "XamarinTest2.UWP", "XamarinTest2\XamarinTest2.UWP\XamarinTest2.UWP.csproj", "{ED9D3236-EA78-4343-AB68-7255E3A5F053}"
EndProject
Project("{D954291E-2A0B-460D-934E-DC6B0785DB48}") = "XamarinTest2", "XamarinTest2\XamarinTest2\XamarinTest2.shproj", "{3C061CA8-CFDB-4D9C-BC2A-60EAF2C1B6FC}"
EndProject
Global
	GlobalSection(SharedMSBuildProjectFiles) = preSolution
		XamarinTest2\XamarinTest2\XamarinTest2.projitems*{3c061ca8-cfdb-4d9c-bc2a-60eaf2c1b6fc}*SharedItemsImports = 13
		XamarinTest2\XamarinTest2\XamarinTest2.projitems*{d1acde79-1a68-41f3-af2f-e4784b65e6cc}*SharedItemsImports = 4
		XamarinTest2\XamarinTest2\XamarinTest2.projitems*{ed9d3236-ea78-4343-ab68-7255e3a5f053}*SharedItemsImports = 4
	EndGlobalSection
	GlobalSection(SolutionConfigurationPlatforms) = preSolution
		Debug|Any CPU = Debug|Any CPU
		Debug|ARM = Debug|ARM
		Debug|x64 = Debug|x64
		Debug|x86 = Debug|x86
		Release|Any CPU = Release|Any CPU
		Release|ARM = Release|ARM
		Release|x64 = Release|x64
		Release|x86 = Release|x86
	EndGlobalSection
	GlobalSection(ProjectConfigurationPlatforms) = postSolution
		{D1ACDE79-1A68-41F3-AF2F-E4784B65E6CC}.Debug|Any CPU.ActiveCfg = Debug|Any CPU
		{D1ACDE79-1A68-41F3-AF2F-E4784B65E6CC}.Debug|Any CPU.Build.0 = Debug|Any CPU
		{D1ACDE79-1A68-41F3-AF2F-E4784B65E6CC}.Debug|Any CPU.Deploy.0 = Debug|Any CPU
		{D1ACDE79-1A68-41F3-AF2F-E4784B65E6CC}.Debug|ARM.ActiveCfg = Debug|Any CPU
		{D1ACDE79-1A68-41F3-AF2F-E4784B65E6CC}.Debug|ARM.Build.0 = Debug|Any CPU
		{D1ACDE79-1A68-41F3-AF2F-E4784B65E6CC}.Debug|ARM.Deploy.0 = Debug|Any CPU
		{D1ACDE79-1A68-41F3-AF2F-E4784B65E6CC}.Debug|x64.ActiveCfg = Debug|Any CPU
		{D1ACDE79-1A68-41F3-AF2F-E4784B65E6CC}.Debug|x64.Build.0 = Debug|Any CPU
		{D1ACDE79-1A68-41F3-AF2F-E4784B65E6CC}.Debug|x64.Deploy.0 = Debug|Any CPU
		{D1ACDE79-1A68-41F3-AF2F-E4784B65E6CC}.Debug|x86.ActiveCfg = Debug|Any CPU
		{D1ACDE79-1A68-41F3-AF2F-E4784B65E6CC}.Debug|x86.Build.0 = Debug|Any CPU
		{D1ACDE79-1A68-41F3-AF2F-E4784B65E6CC}.Debug|x86.Deploy.0 = Debug|Any CPU
		{D1ACDE79-1A68-41F3-AF2F-E4784B65E6CC}.Release|Any CPU.ActiveCfg = Release|Any CPU
		{D1ACDE79-1A68-41F3-AF2F-E4784B65E6CC}.Release|Any CPU.Build.0 = Release|Any CPU
		{D1ACDE79-1A68-41F3-AF2F-E4784B65E6CC}.Release|Any CPU.Deploy.0 = Release|Any CPU
		{D1ACDE79-1A68-41F3-AF2F-E4784B65E6CC}.Release|ARM.ActiveCfg = Release|Any CPU
		{D1ACDE79-1A68-41F3-AF2F-E4784B65E6CC}.Release|ARM.Build.0 = Release|Any CPU
		{D1ACDE79-1A68-41F3-AF2F-E4784B65E6CC}.Release|ARM.Deploy.0 = Release|Any CPU
		{D1ACDE79-1A68-41F3-AF2F-E4784B65E6CC}.Release|x64.ActiveCfg = Release|Any CPU
		{D1ACDE79-1A68-41F3-AF2F-E4784B65E6CC}.Release|x64.Build.0 = Release|Any CPU
		{D1ACDE79-1A68-41F3-AF2F-E4784B65E6CC}.Release|x64.Deploy.0 = Release|Any CPU
		{D1ACDE79-1A68-41F3-AF2F-E4784B65E6CC}.Release|x86.ActiveCfg = Release|Any CPU
		{D1ACDE79-1A68-41F3-AF2F-E4784B65E6CC}.Release|x86.Build.0 = Release|Any CPU
		{D1ACDE79-1A68-41F3-AF2F-E4784B65E6CC}.Release|x86.Deploy.0 = Release|Any CPU
		{ED9D3236-EA78-4343-AB68-7255E3A5F053}.Debug|Any CPU.ActiveCfg = Debug|x86
		{ED9D3236-EA78-4343-AB68-7255E3A5F053}.Debug|ARM.ActiveCfg = Debug|ARM
		{ED9D3236-EA78-4343-AB68-7255E3A5F053}.Debug|ARM.Build.0 = Debug|ARM
		{ED9D3236-EA78-4343-AB68-7255E3A5F053}.Debug|ARM.Deploy.0 = Debug|ARM
		{ED9D3236-EA78-4343-AB68-7255E3A5F053}.Debug|x64.ActiveCfg = Debug|x64
		{ED9D3236-EA78-4343-AB68-7255E3A5F053}.Debug|x64.Build.0 = Debug|x64
		{ED9D3236-EA78-4343-AB68-7255E3A5F053}.Debug|x64.Deploy.0 = Debug|x64
		{ED9D3236-EA78-4343-AB68-7255E3A5F053}.Debug|x86.ActiveCfg = Debug|x86
		{ED9D3236-EA78-4343-AB68-7255E3A5F053}.Debug|x86.Build.0 = Debug|x86
		{ED9D3236-EA78-4343-AB68-7255E3A5F053}.Debug|x86.Deploy.0 = Debug|x86
		{ED9D3236-EA78-4343-AB68-7255E3A5F053}.Release|Any CPU.ActiveCfg = Release|x86
		{ED9D3236-EA78-4343-AB68-7255E3A5F053}.Release|ARM.ActiveCfg = Release|ARM
		{ED9D3236-EA78-4343-AB68-7255E3A5F053}.Release|ARM.Build.0 = Release|ARM
		{ED9D3236-EA78-4343-AB68-7255E3A5F053}.Release|ARM.Deploy.0 = Release|ARM
		{ED9D3236-EA78-4343-AB68-7255E3A5F053}.Release|x64.ActiveCfg = Release|x64
		{ED9D3236-EA78-4343-AB68-7255E3A5F053}.Release|x64.Build.0 = Release|x64
		{ED9D3236-EA78-4343-AB68-7255E3A5F053}.Release|x64.Deploy.0 = Release|x64
		{ED9D3236-EA78-4343-AB68-7255E3A5F053}.Release|x86.ActiveCfg = Release|x86
		{ED9D3236-EA78-4343-AB68-7255E3A5F053}.Release|x86.Build.0 = Release|x86
		{ED9D3236-EA78-4343-AB68-7255E3A5F053}.Release|x86.Deploy.0 = Release|x86
	EndGlobalSection
	GlobalSection(SolutionProperties) = preSolution
		HideSolutionNode = FALSE
	EndGlobalSection
	GlobalSection(ExtensibilityGlobals) = postSolution
		SolutionGuid = {82D5FE1A-61D0-48BA-B04E-8B38DD5A131A}
	EndGlobalSection
EndGlobal
